
Microsoft Visual Studio Solution File, Format Version 12.00
# Visual Studio 14
VisualStudioVersion = 14.0.24720.0
MinimumVisualStudioVersion = 10.0.40219.1
Project("{FAE04EC0-301F-11D3-BF4B-00C04F79EFBC}") = "Bikes", "Bikes\Bikes.csproj", "{B371239B-75FC-4FAA-8FB7-D5C82F87494A}"
EndProject
Global
	GlobalSection(SolutionConfigurationPlatforms) = preSolution
		Debug|ARM = Debug|ARM
		Debug|x64 = Debug|x64
		Debug|x86 = Debug|x86
		Release|ARM = Release|ARM
		Release|x64 = Release|x64
		Release|x86 = Release|x86
	EndGlobalSection
	GlobalSection(ProjectConfigurationPlatforms) = postSolution
		{B371239B-75FC-4FAA-8FB7-D5C82F87494A}.Debug|ARM.ActiveCfg = Debug|ARM
		{B371239B-75FC-4FAA-8FB7-D5C82F87494A}.Debug|ARM.Build.0 = Debug|ARM
		{B371239B-75FC-4FAA-8FB7-D5C82F87494A}.Debug|ARM.Deploy.0 = Debug|ARM
		{B371239B-75FC-4FAA-8FB7-D5C82F87494A}.Debug|x64.ActiveCfg = Debug|x64
		{B371239B-75FC-4FAA-8FB7-D5C82F87494A}.Debug|x64.Build.0 = Debug|x64
		{B371239B-75FC-4FAA-8FB7-D5C82F87494A}.Debug|x64.Deploy.0 = Debug|x64
		{B371239B-75FC-4FAA-8FB7-D5C82F87494A}.Debug|x86.ActiveCfg = Debug|x86
		{B371239B-75FC-4FAA-8FB7-D5C82F87494A}.Debug|x86.Build.0 = Debug|x86
		{B371239B-75FC-4FAA-8FB7-D5C82F87494A}.Debug|x86.Deploy.0 = Debug|x86
		{B371239B-75FC-4FAA-8FB7-D5C82F87494A}.Release|ARM.ActiveCfg = Release|ARM
		{B371239B-75FC-4FAA-8FB7-D5C82F87494A}.Release|ARM.Build.0 = Release|ARM
		{B371239B-75FC-4FAA-8FB7-D5C82F87494A}.Release|ARM.Deploy.0 = Release|ARM
		{B371239B-75FC-4FAA-8FB7-D5C82F87494A}.Release|x64.ActiveCfg = Release|x64
		{B371239B-75FC-4FAA-8FB7-D5C82F87494A}.Release|x64.Build.0 = Release|x64
		{B371239B-75FC-4FAA-8FB7-D5C82F87494A}.Release|x64.Deploy.0 = Release|x64
		{B371239B-75FC-4FAA-8FB7-D5C82F87494A}.Release|x86.ActiveCfg = Release|x86
		{B371239B-75FC-4FAA-8FB7-D5C82F87494A}.Release|x86.Build.0 = Release|x86
		{B371239B-75FC-4FAA-8FB7-D5C82F87494A}.Release|x86.Deploy.0 = Release|x86
	EndGlobalSection
	GlobalSection(SolutionProperties) = preSolution
		HideSolutionNode = FALSE
	EndGlobalSection
EndGlobal
